
Microsoft Visual Studio Solution File, Format Version 12.00
# Visual Studio Version 17
VisualStudioVersion = 17.0.32014.148
MinimumVisualStudioVersion = 10.0.40219.1
Project("{9A19103F-16F7-4668-BE54-9A1E7A4F7556}") = "Entity", "Entity\Entity.csproj", "{78F40A51-5710-41B5-8840-F3D5F3F4B684}"
EndProject
Project("{9A19103F-16F7-4668-BE54-9A1E7A4F7556}") = "DataAccess", "DataAccess\DataAccess.csproj", "{62EE86BC-A503-417E-8F25-053BF0D3B7CF}"
EndProject
Project("{9A19103F-16F7-4668-BE54-9A1E7A4F7556}") = "ConsoleUI", "ConsoleUI\ConsoleUI.csproj", "{C1C5362A-0563-4A78-897E-27417D355F8A}"
EndProject
Project("{9A19103F-16F7-4668-BE54-9A1E7A4F7556}") = "Business", "Bussiness\Business.csproj", "{4722A01B-6F53-40B2-95F9-6843330DF875}"
EndProject
Project("{9A19103F-16F7-4668-BE54-9A1E7A4F7556}") = "Core", "Core\Core.csproj", "{7A8F7768-3A29-4300-9ED3-7B9964108BFF}"
EndProject
Project("{FAE04EC0-301F-11D3-BF4B-00C04F79EFBC}") = "WebAPI", "WebAPI\WebAPI.csproj", "{BB4DA86D-0325-4DA6-9958-FDBA59B1AA81}"
EndProject
Global
	GlobalSection(SolutionConfigurationPlatforms) = preSolution
		Debug|Any CPU = Debug|Any CPU
		Release|Any CPU = Release|Any CPU
	EndGlobalSection
	GlobalSection(ProjectConfigurationPlatforms) = postSolution
		{78F40A51-5710-41B5-8840-F3D5F3F4B684}.Debug|Any CPU.ActiveCfg = Debug|Any CPU
		{78F40A51-5710-41B5-8840-F3D5F3F4B684}.Debug|Any CPU.Build.0 = Debug|Any CPU
		{78F40A51-5710-41B5-8840-F3D5F3F4B684}.Release|Any CPU.ActiveCfg = Release|Any CPU
		{78F40A51-5710-41B5-8840-F3D5F3F4B684}.Release|Any CPU.Build.0 = Release|Any CPU
		{62EE86BC-A503-417E-8F25-053BF0D3B7CF}.Debug|Any CPU.ActiveCfg = Debug|Any CPU
		{62EE86BC-A503-417E-8F25-053BF0D3B7CF}.Debug|Any CPU.Build.0 = Debug|Any CPU
		{62EE86BC-A503-417E-8F25-053BF0D3B7CF}.Release|Any CPU.ActiveCfg = Release|Any CPU
		{62EE86BC-A503-417E-8F25-053BF0D3B7CF}.Release|Any CPU.Build.0 = Release|Any CPU
		{C1C5362A-0563-4A78-897E-27417D355F8A}.Debug|Any CPU.ActiveCfg = Debug|Any CPU
		{C1C5362A-0563-4A78-897E-27417D355F8A}.Debug|Any CPU.Build.0 = Debug|Any CPU
		{C1C5362A-0563-4A78-897E-27417D355F8A}.Release|Any CPU.ActiveCfg = Release|Any CPU
		{C1C5362A-0563-4A78-897E-27417D355F8A}.Release|Any CPU.Build.0 = Release|Any CPU
		{4722A01B-6F53-40B2-95F9-6843330DF875}.Debug|Any CPU.ActiveCfg = Debug|Any CPU
		{4722A01B-6F53-40B2-95F9-6843330DF875}.Debug|Any CPU.Build.0 = Debug|Any CPU
		{4722A01B-6F53-40B2-95F9-6843330DF875}.Release|Any CPU.ActiveCfg = Release|Any CPU
		{4722A01B-6F53-40B2-95F9-6843330DF875}.Release|Any CPU.Build.0 = Release|Any CPU
		{7A8F7768-3A29-4300-9ED3-7B9964108BFF}.Debug|Any CPU.ActiveCfg = Debug|Any CPU
		{7A8F7768-3A29-4300-9ED3-7B9964108BFF}.Debug|Any CPU.Build.0 = Debug|Any CPU
		{7A8F7768-3A29-4300-9ED3-7B9964108BFF}.Release|Any CPU.ActiveCfg = Release|Any CPU
		{7A8F7768-3A29-4300-9ED3-7B9964108BFF}.Release|Any CPU.Build.0 = Release|Any CPU
		{BB4DA86D-0325-4DA6-9958-FDBA59B1AA81}.Debug|Any CPU.ActiveCfg = Debug|Any CPU
		{BB4DA86D-0325-4DA6-9958-FDBA59B1AA81}.Debug|Any CPU.Build.0 = Debug|Any CPU
		{BB4DA86D-0325-4DA6-9958-FDBA59B1AA81}.Release|Any CPU.ActiveCfg = Release|Any CPU
		{BB4DA86D-0325-4DA6-9958-FDBA59B1AA81}.Release|Any CPU.Build.0 = Release|Any CPU
	EndGlobalSection
	GlobalSection(SolutionProperties) = preSolution
		HideSolutionNode = FALSE
	EndGlobalSection
	GlobalSection(ExtensibilityGlobals) = postSolution
		SolutionGuid = {C4BF08E4-E6A2-4F68-B480-A007D424B647}
	EndGlobalSection
EndGlobal
